
Microsoft Visual Studio Solution File, Format Version 12.00
# Visual Studio 14
VisualStudioVersion = 14.0.25402.0
MinimumVisualStudioVersion = 10.0.40219.1
Project("{FAE04EC0-301F-11D3-BF4B-00C04F79EFBC}") = "AndroidCustomAdapterListView", "AndroidCustomAdapterListView.csproj", "{524AC048-5193-4F0A-9CE3-D244D300BFF2}"
EndProject
Global
	GlobalSection(SolutionConfigurationPlatforms) = preSolution
		Debug|Any CPU = Debug|Any CPU
		Release|Any CPU = Release|Any CPU
	EndGlobalSection
	GlobalSection(ProjectConfigurationPlatforms) = postSolution
		{524AC048-5193-4F0A-9CE3-D244D300BFF2}.Debug|Any CPU.ActiveCfg = Debug|Any CPU
		{524AC048-5193-4F0A-9CE3-D244D300BFF2}.Debug|Any CPU.Build.0 = Debug|Any CPU
		{524AC048-5193-4F0A-9CE3-D244D300BFF2}.Debug|Any CPU.Deploy.0 = Debug|Any CPU
		{524AC048-5193-4F0A-9CE3-D244D300BFF2}.Release|Any CPU.ActiveCfg = Release|Any CPU
		{524AC048-5193-4F0A-9CE3-D244D300BFF2}.Release|Any CPU.Build.0 = Release|Any CPU
		{524AC048-5193-4F0A-9CE3-D244D300BFF2}.Release|Any CPU.Deploy.0 = Release|Any CPU
	EndGlobalSection
	GlobalSection(SolutionProperties) = preSolution
		HideSolutionNode = FALSE
	EndGlobalSection
EndGlobal
